
Microsoft Visual Studio Solution File, Format Version 12.00
# Visual Studio Version 17
VisualStudioVersion = 17.1.32414.318
MinimumVisualStudioVersion = 10.0.40219.1
Project("{FAE04EC0-301F-11D3-BF4B-00C04F79EFBC}") = "WebAPI", "WebAPI\WebAPI.csproj", "{69F0FBD7-8796-41AB-8390-8C57930CF425}"
EndProject
Global
	GlobalSection(SolutionConfigurationPlatforms) = preSolution
		Debug|Any CPU = Debug|Any CPU
		Release|Any CPU = Release|Any CPU
	EndGlobalSection
	GlobalSection(ProjectConfigurationPlatforms) = postSolution
		{69F0FBD7-8796-41AB-8390-8C57930CF425}.Debug|Any CPU.ActiveCfg = Debug|Any CPU
		{69F0FBD7-8796-41AB-8390-8C57930CF425}.Debug|Any CPU.Build.0 = Debug|Any CPU
		{69F0FBD7-8796-41AB-8390-8C57930CF425}.Release|Any CPU.ActiveCfg = Release|Any CPU
		{69F0FBD7-8796-41AB-8390-8C57930CF425}.Release|Any CPU.Build.0 = Release|Any CPU
	EndGlobalSection
	GlobalSection(SolutionProperties) = preSolution
		HideSolutionNode = FALSE
	EndGlobalSection
	GlobalSection(ExtensibilityGlobals) = postSolution
		SolutionGuid = {8CAB9C90-F8DE-4A7E-93E2-FF19FDB69452}
	EndGlobalSection
EndGlobal
